
Microsoft Visual Studio Solution File, Format Version 12.00
# Visual Studio 14
VisualStudioVersion = 14.0.23107.0
MinimumVisualStudioVersion = 10.0.40219.1
Project("{FAE04EC0-301F-11D3-BF4B-00C04F79EFBC}") = "HSA_App", "HSA App\HSA_App\HSA_App.csproj", "{B6C5F9FE-2EBC-4DEF-A0A7-BEDF3620EC70}"
EndProject
Project("{FAE04EC0-301F-11D3-BF4B-00C04F79EFBC}") = "HSA_App.iOS", "HSA App\HSA_App.iOS\HSA_App.iOS.csproj", "{1EACC8BE-05B0-42EE-A211-506E7A65B696}"
EndProject
Project("{FAE04EC0-301F-11D3-BF4B-00C04F79EFBC}") = "HSA_App.Droid", "HSA App\HSA_App.Droid\HSA_App.Droid.csproj", "{B777B2C3-C011-425E-87DF-9170F6972B81}"
EndProject
Project("{FAE04EC0-301F-11D3-BF4B-00C04F79EFBC}") = "HSA_App.WinPhone", "HSA App\HSA_App.WinPhone\HSA_App.WinPhone.csproj", "{3B5E1D90-A63D-498E-B154-193E2D9AE726}"
EndProject
Global
	GlobalSection(SolutionConfigurationPlatforms) = preSolution
		Ad-Hoc|Any CPU = Ad-Hoc|Any CPU
		Ad-Hoc|ARM = Ad-Hoc|ARM
		Ad-Hoc|iPhone = Ad-Hoc|iPhone
		Ad-Hoc|iPhoneSimulator = Ad-Hoc|iPhoneSimulator
		Ad-Hoc|x86 = Ad-Hoc|x86
		AppStore|Any CPU = AppStore|Any CPU
		AppStore|ARM = AppStore|ARM
		AppStore|iPhone = AppStore|iPhone
		AppStore|iPhoneSimulator = AppStore|iPhoneSimulator
		AppStore|x86 = AppStore|x86
		Debug|Any CPU = Debug|Any CPU
		Debug|ARM = Debug|ARM
		Debug|iPhone = Debug|iPhone
		Debug|iPhoneSimulator = Debug|iPhoneSimulator
		Debug|x86 = Debug|x86
		Release|Any CPU = Release|Any CPU
		Release|ARM = Release|ARM
		Release|iPhone = Release|iPhone
		Release|iPhoneSimulator = Release|iPhoneSimulator
		Release|x86 = Release|x86
	EndGlobalSection
	GlobalSection(ProjectConfigurationPlatforms) = postSolution
		{B6C5F9FE-2EBC-4DEF-A0A7-BEDF3620EC70}.Ad-Hoc|Any CPU.ActiveCfg = Release|Any CPU
		{B6C5F9FE-2EBC-4DEF-A0A7-BEDF3620EC70}.Ad-Hoc|Any CPU.Build.0 = Release|Any CPU
		{B6C5F9FE-2EBC-4DEF-A0A7-BEDF3620EC70}.Ad-Hoc|ARM.ActiveCfg = Release|Any CPU
		{B6C5F9FE-2EBC-4DEF-A0A7-BEDF3620EC70}.Ad-Hoc|ARM.Build.0 = Release|Any CPU
		{B6C5F9FE-2EBC-4DEF-A0A7-BEDF3620EC70}.Ad-Hoc|iPhone.ActiveCfg = Release|Any CPU
		{B6C5F9FE-2EBC-4DEF-A0A7-BEDF3620EC70}.Ad-Hoc|iPhone.Build.0 = Release|Any CPU
		{B6C5F9FE-2EBC-4DEF-A0A7-BEDF3620EC70}.Ad-Hoc|iPhoneSimulator.ActiveCfg = Release|Any CPU
		{B6C5F9FE-2EBC-4DEF-A0A7-BEDF3620EC70}.Ad-Hoc|iPhoneSimulator.Build.0 = Release|Any CPU
		{B6C5F9FE-2EBC-4DEF-A0A7-BEDF3620EC70}.Ad-Hoc|x86.ActiveCfg = Release|Any CPU
		{B6C5F9FE-2EBC-4DEF-A0A7-BEDF3620EC70}.Ad-Hoc|x86.Build.0 = Release|Any CPU
		{B6C5F9FE-2EBC-4DEF-A0A7-BEDF3620EC70}.AppStore|Any CPU.ActiveCfg = Release|Any CPU
		{B6C5F9FE-2EBC-4DEF-A0A7-BEDF3620EC70}.AppStore|Any CPU.Build.0 = Release|Any CPU
		{B6C5F9FE-2EBC-4DEF-A0A7-BEDF3620EC70}.AppStore|ARM.ActiveCfg = Release|Any CPU
		{B6C5F9FE-2EBC-4DEF-A0A7-BEDF3620EC70}.AppStore|ARM.Build.0 = Release|Any CPU
		{B6C5F9FE-2EBC-4DEF-A0A7-BEDF3620EC70}.AppStore|iPhone.ActiveCfg = Release|Any CPU
		{B6C5F9FE-2EBC-4DEF-A0A7-BEDF3620EC70}.AppStore|iPhone.Build.0 = Release|Any CPU
		{B6C5F9FE-2EBC-4DEF-A0A7-BEDF3620EC70}.AppStore|iPhoneSimulator.ActiveCfg = Release|Any CPU
		{B6C5F9FE-2EBC-4DEF-A0A7-BEDF3620EC70}.AppStore|iPhoneSimulator.Build.0 = Release|Any CPU
		{B6C5F9FE-2EBC-4DEF-A0A7-BEDF3620EC70}.AppStore|x86.ActiveCfg = Release|Any CPU
		{B6C5F9FE-2EBC-4DEF-A0A7-BEDF3620EC70}.AppStore|x86.Build.0 = Release|Any CPU
		{B6C5F9FE-2EBC-4DEF-A0A7-BEDF3620EC70}.Debug|Any CPU.ActiveCfg = Debug|Any CPU
		{B6C5F9FE-2EBC-4DEF-A0A7-BEDF3620EC70}.Debug|Any CPU.Build.0 = Debug|Any CPU
		{B6C5F9FE-2EBC-4DEF-A0A7-BEDF3620EC70}.Debug|ARM.ActiveCfg = Debug|Any CPU
		{B6C5F9FE-2EBC-4DEF-A0A7-BEDF3620EC70}.Debug|ARM.Build.0 = Debug|Any CPU
		{B6C5F9FE-2EBC-4DEF-A0A7-BEDF3620EC70}.Debug|iPhone.ActiveCfg = Debug|Any CPU
		{B6C5F9FE-2EBC-4DEF-A0A7-BEDF3620EC70}.Debug|iPhone.Build.0 = Debug|Any CPU
		{B6C5F9FE-2EBC-4DEF-A0A7-BEDF3620EC70}.Debug|iPhoneSimulator.ActiveCfg = Debug|Any CPU
		{B6C5F9FE-2EBC-4DEF-A0A7-BEDF3620EC70}.Debug|iPhoneSimulator.Build.0 = Debug|Any CPU
		{B6C5F9FE-2EBC-4DEF-A0A7-BEDF3620EC70}.Debug|x86.ActiveCfg = Debug|Any CPU
		{B6C5F9FE-2EBC-4DEF-A0A7-BEDF3620EC70}.Debug|x86.Build.0 = Debug|Any CPU
		{B6C5F9FE-2EBC-4DEF-A0A7-BEDF3620EC70}.Release|Any CPU.ActiveCfg = Release|Any CPU
		{B6C5F9FE-2EBC-4DEF-A0A7-BEDF3620EC70}.Release|Any CPU.Build.0 = Release|Any CPU
		{B6C5F9FE-2EBC-4DEF-A0A7-BEDF3620EC70}.Release|ARM.ActiveCfg = Release|Any CPU
		{B6C5F9FE-2EBC-4DEF-A0A7-BEDF3620EC70}.Release|ARM.Build.0 = Release|Any CPU
		{B6C5F9FE-2EBC-4DEF-A0A7-BEDF3620EC70}.Release|iPhone.ActiveCfg = Release|Any CPU
		{B6C5F9FE-2EBC-4DEF-A0A7-BEDF3620EC70}.Release|iPhone.Build.0 = Release|Any CPU
		{B6C5F9FE-2EBC-4DEF-A0A7-BEDF3620EC70}.Release|iPhoneSimulator.ActiveCfg = Release|Any CPU
		{B6C5F9FE-2EBC-4DEF-A0A7-BEDF3620EC70}.Release|iPhoneSimulator.Build.0 = Release|Any CPU
		{B6C5F9FE-2EBC-4DEF-A0A7-BEDF3620EC70}.Release|x86.ActiveCfg = Release|Any CPU
		{B6C5F9FE-2EBC-4DEF-A0A7-BEDF3620EC70}.Release|x86.Build.0 = Release|Any CPU
		{1EACC8BE-05B0-42EE-A211-506E7A65B696}.Ad-Hoc|Any CPU.ActiveCfg = Ad-Hoc|iPhone
		{1EACC8BE-05B0-42EE-A211-506E7A65B696}.Ad-Hoc|ARM.ActiveCfg = Ad-Hoc|iPhone
		{1EACC8BE-05B0-42EE-A211-506E7A65B696}.Ad-Hoc|iPhone.ActiveCfg = Ad-Hoc|iPhone
		{1EACC8BE-05B0-42EE-A211-506E7A65B696}.Ad-Hoc|iPhone.Build.0 = Ad-Hoc|iPhone
		{1EACC8BE-05B0-42EE-A211-506E7A65B696}.Ad-Hoc|iPhoneSimulator.ActiveCfg = Ad-Hoc|iPhoneSimulator
		{1EACC8BE-05B0-42EE-A211-506E7A65B696}.Ad-Hoc|iPhoneSimulator.Build.0 = Ad-Hoc|iPhoneSimulator
		{1EACC8BE-05B0-42EE-A211-506E7A65B696}.Ad-Hoc|x86.ActiveCfg = Ad-Hoc|iPhone
		{1EACC8BE-05B0-42EE-A211-506E7A65B696}.AppStore|Any CPU.ActiveCfg = AppStore|iPhone
		{1EACC8BE-05B0-42EE-A211-506E7A65B696}.AppStore|ARM.ActiveCfg = AppStore|iPhone
		{1EACC8BE-05B0-42EE-A211-506E7A65B696}.AppStore|iPhone.ActiveCfg = AppStore|iPhone
		{1EACC8BE-05B0-42EE-A211-506E7A65B696}.AppStore|iPhone.Build.0 = AppStore|iPhone
		{1EACC8BE-05B0-42EE-A211-506E7A65B696}.AppStore|iPhoneSimulator.ActiveCfg = AppStore|iPhoneSimulator
		{1EACC8BE-05B0-42EE-A211-506E7A65B696}.AppStore|iPhoneSimulator.Build.0 = AppStore|iPhoneSimulator
		{1EACC8BE-05B0-42EE-A211-506E7A65B696}.AppStore|x86.ActiveCfg = AppStore|iPhone
		{1EACC8BE-05B0-42EE-A211-506E7A65B696}.Debug|Any CPU.ActiveCfg = Debug|iPhone
		{1EACC8BE-05B0-42EE-A211-506E7A65B696}.Debug|ARM.ActiveCfg = Debug|iPhone
		{1EACC8BE-05B0-42EE-A211-506E7A65B696}.Debug|iPhone.ActiveCfg = Debug|iPhone
		{1EACC8BE-05B0-42EE-A211-506E7A65B696}.Debug|iPhone.Build.0 = Debug|iPhone
		{1EACC8BE-05B0-42EE-A211-506E7A65B696}.Debug|iPhoneSimulator.ActiveCfg = Debug|iPhoneSimulator
		{1EACC8BE-05B0-42EE-A211-506E7A65B696}.Debug|iPhoneSimulator.Build.0 = Debug|iPhoneSimulator
		{1EACC8BE-05B0-42EE-A211-506E7A65B696}.Debug|x86.ActiveCfg = Debug|iPhone
		{1EACC8BE-05B0-42EE-A211-506E7A65B696}.Release|Any CPU.ActiveCfg = Release|iPhone
		{1EACC8BE-05B0-42EE-A211-506E7A65B696}.Release|ARM.ActiveCfg = Release|iPhone
		{1EACC8BE-05B0-42EE-A211-506E7A65B696}.Release|iPhone.ActiveCfg = Release|iPhone
		{1EACC8BE-05B0-42EE-A211-506E7A65B696}.Release|iPhone.Build.0 = Release|iPhone
		{1EACC8BE-05B0-42EE-A211-506E7A65B696}.Release|iPhoneSimulator.ActiveCfg = Release|iPhoneSimulator
		{1EACC8BE-05B0-42EE-A211-506E7A65B696}.Release|iPhoneSimulator.Build.0 = Release|iPhoneSimulator
		{1EACC8BE-05B0-42EE-A211-506E7A65B696}.Release|x86.ActiveCfg = Release|iPhone
		{B777B2C3-C011-425E-87DF-9170F6972B81}.Ad-Hoc|Any CPU.ActiveCfg = Release|Any CPU
		{B777B2C3-C011-425E-87DF-9170F6972B81}.Ad-Hoc|Any CPU.Build.0 = Release|Any CPU
		{B777B2C3-C011-425E-87DF-9170F6972B81}.Ad-Hoc|Any CPU.Deploy.0 = Release|Any CPU
		{B777B2C3-C011-425E-87DF-9170F6972B81}.Ad-Hoc|ARM.ActiveCfg = Release|Any CPU
		{B777B2C3-C011-425E-87DF-9170F6972B81}.Ad-Hoc|ARM.Build.0 = Release|Any CPU
		{B777B2C3-C011-425E-87DF-9170F6972B81}.Ad-Hoc|ARM.Deploy.0 = Release|Any CPU
		{B777B2C3-C011-425E-87DF-9170F6972B81}.Ad-Hoc|iPhone.ActiveCfg = Release|Any CPU
		{B777B2C3-C011-425E-87DF-9170F6972B81}.Ad-Hoc|iPhone.Build.0 = Release|Any CPU
		{B777B2C3-C011-425E-87DF-9170F6972B81}.Ad-Hoc|iPhone.Deploy.0 = Release|Any CPU
		{B777B2C3-C011-425E-87DF-9170F6972B81}.Ad-Hoc|iPhoneSimulator.ActiveCfg = Release|Any CPU
		{B777B2C3-C011-425E-87DF-9170F6972B81}.Ad-Hoc|iPhoneSimulator.Build.0 = Release|Any CPU
		{B777B2C3-C011-425E-87DF-9170F6972B81}.Ad-Hoc|iPhoneSimulator.Deploy.0 = Release|Any CPU
		{B777B2C3-C011-425E-87DF-9170F6972B81}.Ad-Hoc|x86.ActiveCfg = Release|Any CPU
		{B777B2C3-C011-425E-87DF-9170F6972B81}.Ad-Hoc|x86.Build.0 = Release|Any CPU
		{B777B2C3-C011-425E-87DF-9170F6972B81}.Ad-Hoc|x86.Deploy.0 = Release|Any CPU
		{B777B2C3-C011-425E-87DF-9170F6972B81}.AppStore|Any CPU.ActiveCfg = Release|Any CPU
		{B777B2C3-C011-425E-87DF-9170F6972B81}.AppStore|Any CPU.Build.0 = Release|Any CPU
		{B777B2C3-C011-425E-87DF-9170F6972B81}.AppStore|Any CPU.Deploy.0 = Release|Any CPU
		{B777B2C3-C011-425E-87DF-9170F6972B81}.AppStore|ARM.ActiveCfg = Release|Any CPU
		{B777B2C3-C011-425E-87DF-9170F6972B81}.AppStore|ARM.Build.0 = Release|Any CPU
		{B777B2C3-C011-425E-87DF-9170F6972B81}.AppStore|ARM.Deploy.0 = Release|Any CPU
		{B777B2C3-C011-425E-87DF-9170F6972B81}.AppStore|iPhone.ActiveCfg = Release|Any CPU
		{B777B2C3-C011-425E-87DF-9170F6972B81}.AppStore|iPhone.Build.0 = Release|Any CPU
		{B777B2C3-C011-425E-87DF-9170F6972B81}.AppStore|iPhone.Deploy.0 = Release|Any CPU
		{B777B2C3-C011-425E-87DF-9170F6972B81}.AppStore|iPhoneSimulator.ActiveCfg = Release|Any CPU
		{B777B2C3-C011-425E-87DF-9170F6972B81}.AppStore|iPhoneSimulator.Build.0 = Release|Any CPU
		{B777B2C3-C011-425E-87DF-9170F6972B81}.AppStore|iPhoneSimulator.Deploy.0 = Release|Any CPU
		{B777B2C3-C011-425E-87DF-9170F6972B81}.AppStore|x86.ActiveCfg = Release|Any CPU
		{B777B2C3-C011-425E-87DF-9170F6972B81}.AppStore|x86.Build.0 = Release|Any CPU
		{B777B2C3-C011-425E-87DF-9170F6972B81}.AppStore|x86.Deploy.0 = Release|Any CPU
		{B777B2C3-C011-425E-87DF-9170F6972B81}.Debug|Any CPU.ActiveCfg = Debug|Any CPU
		{B777B2C3-C011-425E-87DF-9170F6972B81}.Debug|Any CPU.Build.0 = Debug|Any CPU
		{B777B2C3-C011-425E-87DF-9170F6972B81}.Debug|Any CPU.Deploy.0 = Debug|Any CPU
		{B777B2C3-C011-425E-87DF-9170F6972B81}.Debug|ARM.ActiveCfg = Debug|Any CPU
		{B777B2C3-C011-425E-87DF-9170F6972B81}.Debug|ARM.Build.0 = Debug|Any CPU
		{B777B2C3-C011-425E-87DF-9170F6972B81}.Debug|ARM.Deploy.0 = Debug|Any CPU
		{B777B2C3-C011-425E-87DF-9170F6972B81}.Debug|iPhone.ActiveCfg = Debug|Any CPU
		{B777B2C3-C011-425E-87DF-9170F6972B81}.Debug|iPhone.Build.0 = Debug|Any CPU
		{B777B2C3-C011-425E-87DF-9170F6972B81}.Debug|iPhone.Deploy.0 = Debug|Any CPU
		{B777B2C3-C011-425E-87DF-9170F6972B81}.Debug|iPhoneSimulator.ActiveCfg = Debug|Any CPU
		{B777B2C3-C011-425E-87DF-9170F6972B81}.Debug|iPhoneSimulator.Build.0 = Debug|Any CPU
		{B777B2C3-C011-425E-87DF-9170F6972B81}.Debug|iPhoneSimulator.Deploy.0 = Debug|Any CPU
		{B777B2C3-C011-425E-87DF-9170F6972B81}.Debug|x86.ActiveCfg = Debug|Any CPU
		{B777B2C3-C011-425E-87DF-9170F6972B81}.Debug|x86.Build.0 = Debug|Any CPU
		{B777B2C3-C011-425E-87DF-9170F6972B81}.Debug|x86.Deploy.0 = Debug|Any CPU
		{B777B2C3-C011-425E-87DF-9170F6972B81}.Release|Any CPU.ActiveCfg = Release|Any CPU
		{B777B2C3-C011-425E-87DF-9170F6972B81}.Release|Any CPU.Build.0 = Release|Any CPU
		{B777B2C3-C011-425E-87DF-9170F6972B81}.Release|Any CPU.Deploy.0 = Release|Any CPU
		{B777B2C3-C011-425E-87DF-9170F6972B81}.Release|ARM.ActiveCfg = Release|Any CPU
		{B777B2C3-C011-425E-87DF-9170F6972B81}.Release|ARM.Build.0 = Release|Any CPU
		{B777B2C3-C011-425E-87DF-9170F6972B81}.Release|ARM.Deploy.0 = Release|Any CPU
		{B777B2C3-C011-425E-87DF-9170F6972B81}.Release|iPhone.ActiveCfg = Release|Any CPU
		{B777B2C3-C011-425E-87DF-9170F6972B81}.Release|iPhone.Build.0 = Release|Any CPU
		{B777B2C3-C011-425E-87DF-9170F6972B81}.Release|iPhone.Deploy.0 = Release|Any CPU
		{B777B2C3-C011-425E-87DF-9170F6972B81}.Release|iPhoneSimulator.ActiveCfg = Release|Any CPU
		{B777B2C3-C011-425E-87DF-9170F6972B81}.Release|iPhoneSimulator.Build.0 = Release|Any CPU
		{B777B2C3-C011-425E-87DF-9170F6972B81}.Release|iPhoneSimulator.Deploy.0 = Release|Any CPU
		{B777B2C3-C011-425E-87DF-9170F6972B81}.Release|x86.ActiveCfg = Release|Any CPU
		{B777B2C3-C011-425E-87DF-9170F6972B81}.Release|x86.Build.0 = Release|Any CPU
		{B777B2C3-C011-425E-87DF-9170F6972B81}.Release|x86.Deploy.0 = Release|Any CPU
		{3B5E1D90-A63D-498E-B154-193E2D9AE726}.Ad-Hoc|Any CPU.ActiveCfg = Release|Any CPU
		{3B5E1D90-A63D-498E-B154-193E2D9AE726}.Ad-Hoc|Any CPU.Build.0 = Release|Any CPU
		{3B5E1D90-A63D-498E-B154-193E2D9AE726}.Ad-Hoc|Any CPU.Deploy.0 = Release|Any CPU
		{3B5E1D90-A63D-498E-B154-193E2D9AE726}.Ad-Hoc|ARM.ActiveCfg = Release|ARM
		{3B5E1D90-A63D-498E-B154-193E2D9AE726}.Ad-Hoc|ARM.Build.0 = Release|ARM
		{3B5E1D90-A63D-498E-B154-193E2D9AE726}.Ad-Hoc|ARM.Deploy.0 = Release|ARM
		{3B5E1D90-A63D-498E-B154-193E2D9AE726}.Ad-Hoc|iPhone.ActiveCfg = Release|Any CPU
		{3B5E1D90-A63D-498E-B154-193E2D9AE726}.Ad-Hoc|iPhone.Build.0 = Release|Any CPU
		{3B5E1D90-A63D-498E-B154-193E2D9AE726}.Ad-Hoc|iPhone.Deploy.0 = Release|Any CPU
		{3B5E1D90-A63D-498E-B154-193E2D9AE726}.Ad-Hoc|iPhoneSimulator.ActiveCfg = Release|Any CPU
		{3B5E1D90-A63D-498E-B154-193E2D9AE726}.Ad-Hoc|iPhoneSimulator.Build.0 = Release|Any CPU
		{3B5E1D90-A63D-498E-B154-193E2D9AE726}.Ad-Hoc|iPhoneSimulator.Deploy.0 = Release|Any CPU
		{3B5E1D90-A63D-498E-B154-193E2D9AE726}.Ad-Hoc|x86.ActiveCfg = Release|x86
		{3B5E1D90-A63D-498E-B154-193E2D9AE726}.Ad-Hoc|x86.Build.0 = Release|x86
		{3B5E1D90-A63D-498E-B154-193E2D9AE726}.Ad-Hoc|x86.Deploy.0 = Release|x86
		{3B5E1D90-A63D-498E-B154-193E2D9AE726}.AppStore|Any CPU.ActiveCfg = Release|Any CPU
		{3B5E1D90-A63D-498E-B154-193E2D9AE726}.AppStore|Any CPU.Build.0 = Release|Any CPU
		{3B5E1D90-A63D-498E-B154-193E2D9AE726}.AppStore|Any CPU.Deploy.0 = Release|Any CPU
		{3B5E1D90-A63D-498E-B154-193E2D9AE726}.AppStore|ARM.ActiveCfg = Release|ARM
		{3B5E1D90-A63D-498E-B154-193E2D9AE726}.AppStore|ARM.Build.0 = Release|ARM
		{3B5E1D90-A63D-498E-B154-193E2D9AE726}.AppStore|ARM.Deploy.0 = Release|ARM
		{3B5E1D90-A63D-498E-B154-193E2D9AE726}.AppStore|iPhone.ActiveCfg = Release|Any CPU
		{3B5E1D90-A63D-498E-B154-193E2D9AE726}.AppStore|iPhone.Build.0 = Release|Any CPU
		{3B5E1D90-A63D-498E-B154-193E2D9AE726}.AppStore|iPhone.Deploy.0 = Release|Any CPU
		{3B5E1D90-A63D-498E-B154-193E2D9AE726}.AppStore|iPhoneSimulator.ActiveCfg = Release|Any CPU
		{3B5E1D90-A63D-498E-B154-193E2D9AE726}.AppStore|iPhoneSimulator.Build.0 = Release|Any CPU
		{3B5E1D90-A63D-498E-B154-193E2D9AE726}.AppStore|iPhoneSimulator.Deploy.0 = Release|Any CPU
		{3B5E1D90-A63D-498E-B154-193E2D9AE726}.AppStore|x86.ActiveCfg = Release|x86
		{3B5E1D90-A63D-498E-B154-193E2D9AE726}.AppStore|x86.Build.0 = Release|x86
		{3B5E1D90-A63D-498E-B154-193E2D9AE726}.AppStore|x86.Deploy.0 = Release|x86
		{3B5E1D90-A63D-498E-B154-193E2D9AE726}.Debug|Any CPU.ActiveCfg = Debug|Any CPU
		{3B5E1D90-A63D-498E-B154-193E2D9AE726}.Debug|Any CPU.Build.0 = Debug|Any CPU
		{3B5E1D90-A63D-498E-B154-193E2D9AE726}.Debug|Any CPU.Deploy.0 = Debug|Any CPU
		{3B5E1D90-A63D-498E-B154-193E2D9AE726}.Debug|ARM.ActiveCfg = Debug|ARM
		{3B5E1D90-A63D-498E-B154-193E2D9AE726}.Debug|ARM.Build.0 = Debug|ARM
		{3B5E1D90-A63D-498E-B154-193E2D9AE726}.Debug|ARM.Deploy.0 = Debug|ARM
		{3B5E1D90-A63D-498E-B154-193E2D9AE726}.Debug|iPhone.ActiveCfg = Debug|Any CPU
		{3B5E1D90-A63D-498E-B154-193E2D9AE726}.Debug|iPhone.Build.0 = Debug|Any CPU
		{3B5E1D90-A63D-498E-B154-193E2D9AE726}.Debug|iPhone.Deploy.0 = Debug|Any CPU
		{3B5E1D90-A63D-498E-B154-193E2D9AE726}.Debug|iPhoneSimulator.ActiveCfg = Debug|Any CPU
		{3B5E1D90-A63D-498E-B154-193E2D9AE726}.Debug|iPhoneSimulator.Build.0 = Debug|Any CPU
		{3B5E1D90-A63D-498E-B154-193E2D9AE726}.Debug|iPhoneSimulator.Deploy.0 = Debug|Any CPU
		{3B5E1D90-A63D-498E-B154-193E2D9AE726}.Debug|x86.ActiveCfg = Debug|x86
		{3B5E1D90-A63D-498E-B154-193E2D9AE726}.Debug|x86.Build.0 = Debug|x86
		{3B5E1D90-A63D-498E-B154-193E2D9AE726}.Debug|x86.Deploy.0 = Debug|x86
		{3B5E1D90-A63D-498E-B154-193E2D9AE726}.Release|Any CPU.ActiveCfg = Release|Any CPU
		{3B5E1D90-A63D-498E-B154-193E2D9AE726}.Release|Any CPU.Build.0 = Release|Any CPU
		{3B5E1D90-A63D-498E-B154-193E2D9AE726}.Release|Any CPU.Deploy.0 = Release|Any CPU
		{3B5E1D90-A63D-498E-B154-193E2D9AE726}.Release|ARM.ActiveCfg = Release|ARM
		{3B5E1D90-A63D-498E-B154-193E2D9AE726}.Release|ARM.Build.0 = Release|ARM
		{3B5E1D90-A63D-498E-B154-193E2D9AE726}.Release|ARM.Deploy.0 = Release|ARM
		{3B5E1D90-A63D-498E-B154-193E2D9AE726}.Release|iPhone.ActiveCfg = Release|Any CPU
		{3B5E1D90-A63D-498E-B154-193E2D9AE726}.Release|iPhone.Build.0 = Release|Any CPU
		{3B5E1D90-A63D-498E-B154-193E2D9AE726}.Release|iPhone.Deploy.0 = Release|Any CPU
		{3B5E1D90-A63D-498E-B154-193E2D9AE726}.Release|iPhoneSimulator.ActiveCfg = Release|Any CPU
		{3B5E1D90-A63D-498E-B154-193E2D9AE726}.Release|iPhoneSimulator.Build.0 = Release|Any CPU
		{3B5E1D90-A63D-498E-B154-193E2D9AE726}.Release|iPhoneSimulator.Deploy.0 = Release|Any CPU
		{3B5E1D90-A63D-498E-B154-193E2D9AE726}.Release|x86.ActiveCfg = Release|x86
		{3B5E1D90-A63D-498E-B154-193E2D9AE726}.Release|x86.Build.0 = Release|x86
		{3B5E1D90-A63D-498E-B154-193E2D9AE726}.Release|x86.Deploy.0 = Release|x86
	EndGlobalSection
	GlobalSection(SolutionProperties) = preSolution
		HideSolutionNode = FALSE
	EndGlobalSection
EndGlobal
